{
  "name": "digijala-mirdamadi",
  "version": "1.0.0",
  "lockfileVersion": 3,
  "requires": true,
  "packages": {
    "": {
      "name": "digijala-mirdamadi",
      "version": "1.0.0",
      "license": "ISC",
      "dependencies": {
        "sweeper": "^0.1.3",
        "swiper": "^11.1.15"
      }
    },
    "node_modules/commander": {
      "version": "2.0.0",
      "resolved": "https://registry.npmjs.org/commander/-/commander-2.0.0.tgz",
      "integrity": "sha512-qebjpyeaA/nJ4w3EO2cV2++/zEkccPnjWogzA2rff+Lk8ILI75vULeTmyd4wPxWdKwtP3J+G39IXVZadh0UHyw==",
      "engines": {
        "node": ">= 0.6.x"
      }
    },
    "node_modules/detective": {
      "version": "2.2.0",
      "resolved": "https://registry.npmjs.org/detective/-/detective-2.2.0.tgz",
      "integrity": "sha512-ZtWsF6ZmmDaw9MZL+8UozCD/eVnxp+FTj7SedjKfu6feQVzxJdaAThxXXZCu+x3PRyK6+sYA+pgkcd5lRICFaw==",
      "license": "MIT",
      "dependencies": {
        "escodegen": "0.0.15",
        "esprima": "1.0.2"
      }
    },
    "node_modules/escodegen": {
      "version": "0.0.15",
      "resolved": "https://registry.npmjs.org/escodegen/-/escodegen-0.0.15.tgz",
      "integrity": "sha512-ALdTVKqhEj6bDf4pC0fXWRiUvhyJSJ0Ic8AdPuMGKckoa3gMXG+MPduI8TlDoSS84swDkfXeogXapbkErAHvDA==",
      "dependencies": {
        "esprima": ">= 1.0.0"
      },
      "bin": {
        "escodegen": "bin/escodegen.js",
        "esgenerate": "bin/esgenerate.js"
      },
      "engines": {
        "node": ">=0.4.0"
      },
      "optionalDependencies": {
        "source-map": ">= 0.1.2"
      }
    },
    "node_modules/esprima": {
      "version": "1.0.2",
      "resolved": "https://registry.npmjs.org/esprima/-/esprima-1.0.2.tgz",
      "integrity": "sha512-j2ZAN1Cm/rgsIEHgNa6eqvZjEtqFh8WEUdVswEpxj03AyzR1R6CHfunOpd9NOmLg0U18aAO2FunAjs49f5w0Yg==",
      "bin": {
        "esparse": "bin/esparse.js",
        "esvalidate": "bin/esvalidate.js"
      },
      "engines": {
        "node": ">=0.4.0"
      }
    },
    "node_modules/graceful-fs": {
      "version": "2.0.3",
      "resolved": "https://registry.npmjs.org/graceful-fs/-/graceful-fs-2.0.3.tgz",
      "integrity": "sha512-hcj/NTUWv+C3MbqrVb9F+aH6lvTwEHJdx2foBxlrVq5h6zE8Bfu4pv4CAAqbDcZrw/9Ak5lsRXlY9Ao8/F0Tuw==",
      "deprecated": "please upgrade to graceful-fs 4 for compatibility with current and future versions of Node.js",
      "license": "BSD",
      "engines": {
        "node": ">=0.4.0"
      }
    },
    "node_modules/lru-cache": {
      "version": "2.7.3",
      "resolved": "https://registry.npmjs.org/lru-cache/-/lru-cache-2.7.3.tgz",
      "integrity": "sha512-WpibWJ60c3AgAz8a2iYErDrcT2C7OmKnsWhIcHOjkUHFjkXncJhtLxNSqUmxRxRunpb5I8Vprd7aNSd2NtksJQ==",
      "license": "ISC"
    },
    "node_modules/minimatch": {
      "version": "0.2.14",
      "resolved": "https://registry.npmjs.org/minimatch/-/minimatch-0.2.14.tgz",
      "integrity": "sha512-zZ+Jy8lVWlvqqeM8iZB7w7KmQkoJn8djM585z88rywrEbzoqawVa9FR5p2hwD+y74nfuKOjmNvi9gtWJNLqHvA==",
      "deprecated": "Please update to minimatch 3.0.2 or higher to avoid a RegExp DoS issue",
      "license": "MIT",
      "dependencies": {
        "lru-cache": "2",
        "sigmund": "~1.0.0"
      },
      "engines": {
        "node": "*"
      }
    },
    "node_modules/readdirp": {
      "version": "0.3.3",
      "resolved": "https://registry.npmjs.org/readdirp/-/readdirp-0.3.3.tgz",
      "integrity": "sha512-FY18iOcywiypt0hLNh5H5CRnU9A+ps5pUnxV3u/LKPEcu2iUdteEJhokYKlPu7kmqZlU2gnrzS8Ltwy3hW16dQ==",
      "license": "MIT",
      "dependencies": {
        "graceful-fs": "~2.0.0",
        "minimatch": "~0.2.12"
      },
      "engines": {
        "node": ">=0.8"
      }
    },
    "node_modules/sigmund": {
      "version": "1.0.1",
      "resolved": "https://registry.npmjs.org/sigmund/-/sigmund-1.0.1.tgz",
      "integrity": "sha512-fCvEXfh6NWpm+YSuY2bpXb/VIihqWA6hLsgboC+0nl71Q7N7o2eaCW8mJa/NLvQhs6jpd3VZV4UiUQlV6+lc8g==",
      "license": "ISC"
    },
    "node_modules/source-map": {
      "version": "0.7.4",
      "resolved": "https://registry.npmjs.org/source-map/-/source-map-0.7.4.tgz",
      "integrity": "sha512-l3BikUxvPOcn5E74dZiq5BGsTb5yEwhaTSzccU6t4sDOH8NWJCstKO5QT2CvtFoK6F0saL7p9xHAqHOlCPJygA==",
      "license": "BSD-3-Clause",
      "optional": true,
      "engines": {
        "node": ">= 8"
      }
    },
    "node_modules/sweeper": {
      "version": "0.1.3",
      "resolved": "https://registry.npmjs.org/sweeper/-/sweeper-0.1.3.tgz",
      "integrity": "sha512-kn9hynYnlcZdJ5HhfUBCLHiX8lw0gjhVBivby7v920yQsJOkGuODWoT48VVtyWCVIse2FZl8VBxoairNCsBerg==",
      "license": "MIT",
      "dependencies": {
        "commander": "~2.0.0",
        "detective": "~2.2.0",
        "readdirp": "~0.3.1"
      },
      "bin": {
        "sweeper": "bin/sweeper"
      },
      "engines": {
        "node": "*"
      }
    },
    "node_modules/swiper": {
      "version": "11.1.15",
      "resolved": "https://registry.npmjs.org/swiper/-/swiper-11.1.15.tgz",
      "integrity": "sha512-IzWeU34WwC7gbhjKsjkImTuCRf+lRbO6cnxMGs88iVNKDwV+xQpBCJxZ4bNH6gSrIbbyVJ1kuGzo3JTtz//CBw==",
      "funding": [
        {
          "type": "patreon",
          "url": "https://www.patreon.com/swiperjs"
        },
        {
          "type": "open_collective",
          "url": "http://opencollective.com/swiper"
        }
      ],
      "license": "MIT",
      "engines": {
        "node": ">= 4.7.0"
      }
    }
  }
}
